Microsoft Visual Studio Solution File, Format Version 12.00
# Visual Studio Version 17
VisualStudioVersion = 17.5.2.0
MinimumVisualStudioVersion = 10.0.40219.1
Project("{FAE04EC0-301F-11D3-BF4B-00C04F79EFBC}") = "TestCopilot", "TestCopilot.csproj", "{195096AA-CC98-7CBF-A2A3-16423353D1B7}"
EndProject
Global
	GlobalSection(SolutionConfigurationPlatforms) = preSolution
		Debug|Any CPU = Debug|Any CPU
		Release|Any CPU = Release|Any CPU
	EndGlobalSection
	GlobalSection(ProjectConfigurationPlatforms) = postSolution
		{195096AA-CC98-7CBF-A2A3-16423353D1B7}.Debug|Any CPU.ActiveCfg = Debug|Any CPU
		{195096AA-CC98-7CBF-A2A3-16423353D1B7}.Debug|Any CPU.Build.0 = Debug|Any CPU
		{195096AA-CC98-7CBF-A2A3-16423353D1B7}.Release|Any CPU.ActiveCfg = Release|Any CPU
		{195096AA-CC98-7CBF-A2A3-16423353D1B7}.Release|Any CPU.Build.0 = Release|Any CPU
	EndGlobalSection
	GlobalSection(SolutionProperties) = preSolution
		HideSolutionNode = FALSE
	EndGlobalSection
	GlobalSection(ExtensibilityGlobals) = postSolution
		SolutionGuid = {C493BDF8-01CA-43EB-937D-03AB04133740}
	EndGlobalSection
EndGlobal
